
Microsoft Visual Studio Solution File, Format Version 12.00
# Visual Studio 15
VisualStudioVersion = 15.0.27130.2010
MinimumVisualStudioVersion = 10.0.40219.1
Project("{FAE04EC0-301F-11D3-BF4B-00C04F79EFBC}") = "Quimipac_", "Quimipac_\Quimipac_.csproj", "{C1AE1BFD-FD14-49F6-9F00-2652704851BC}"
EndProject
Global
	GlobalSection(SolutionConfigurationPlatforms) = preSolution
		Debug|Any CPU = Debug|Any CPU
		Release|Any CPU = Release|Any CPU
	EndGlobalSection
	GlobalSection(ProjectConfigurationPlatforms) = postSolution
		{C1AE1BFD-FD14-49F6-9F00-2652704851BC}.Debug|Any CPU.ActiveCfg = Debug|Any CPU
		{C1AE1BFD-FD14-49F6-9F00-2652704851BC}.Debug|Any CPU.Build.0 = Debug|Any CPU
		{C1AE1BFD-FD14-49F6-9F00-2652704851BC}.Release|Any CPU.ActiveCfg = Release|Any CPU
		{C1AE1BFD-FD14-49F6-9F00-2652704851BC}.Release|Any CPU.Build.0 = Release|Any CPU
	EndGlobalSection
	GlobalSection(SolutionProperties) = preSolution
		HideSolutionNode = FALSE
	EndGlobalSection
	GlobalSection(ExtensibilityGlobals) = postSolution
		SolutionGuid = {E4FE5E57-4955-4524-BCC5-D49F9C71D484}
	EndGlobalSection
EndGlobal
